
Microsoft Visual Studio Solution File, Format Version 12.00
# Visual Studio Version 17
VisualStudioVersion = 17.5.002.0
MinimumVisualStudioVersion = 10.0.40219.1
Project("{9A19103F-16F7-4668-BE54-9A1E7A4F7556}") = "25-08-23", "25-08-23.csproj", "{F407254C-D579-419E-8A78-83BEAAA5FEAC}"
EndProject
Global
	GlobalSection(SolutionConfigurationPlatforms) = preSolution
		Debug|Any CPU = Debug|Any CPU
		Release|Any CPU = Release|Any CPU
	EndGlobalSection
	GlobalSection(ProjectConfigurationPlatforms) = postSolution
		{F407254C-D579-419E-8A78-83BEAAA5FEAC}.Debug|Any CPU.ActiveCfg = Debug|Any CPU
		{F407254C-D579-419E-8A78-83BEAAA5FEAC}.Debug|Any CPU.Build.0 = Debug|Any CPU
		{F407254C-D579-419E-8A78-83BEAAA5FEAC}.Release|Any CPU.ActiveCfg = Release|Any CPU
		{F407254C-D579-419E-8A78-83BEAAA5FEAC}.Release|Any CPU.Build.0 = Release|Any CPU
	EndGlobalSection
	GlobalSection(SolutionProperties) = preSolution
		HideSolutionNode = FALSE
	EndGlobalSection
	GlobalSection(ExtensibilityGlobals) = postSolution
		SolutionGuid = {E2FC8658-7382-4315-8201-0E5F20A0BFB7}
	EndGlobalSection
EndGlobal
